
Microsoft Visual Studio Solution File, Format Version 12.00
# Visual Studio Version 16
VisualStudioVersion = 16.0.30225.117
MinimumVisualStudioVersion = 10.0.40219.1
Project("{9A19103F-16F7-4668-BE54-9A1E7A4F7556}") = "DaprK8sSecretsTest", "DaprK8sSecretsTest\DaprK8sSecretsTest.csproj", "{1CD06BC5-8565-4A22-B948-4C19A2CC2DDB}"
EndProject
Project("{2150E333-8FDC-42A3-9474-1A3956D46DE8}") = "Solution Items", "Solution Items", "{5248CCB6-393D-48A7-9EDD-17DBD7863FEA}"
	ProjectSection(SolutionItems) = preProject
		.editorconfig = .editorconfig
		deployment.yaml = deployment.yaml
		ReadMe.md = ReadMe.md
	EndProjectSection
EndProject
Global
	GlobalSection(SolutionConfigurationPlatforms) = preSolution
		Debug|Any CPU = Debug|Any CPU
		Release|Any CPU = Release|Any CPU
	EndGlobalSection
	GlobalSection(ProjectConfigurationPlatforms) = postSolution
		{1CD06BC5-8565-4A22-B948-4C19A2CC2DDB}.Debug|Any CPU.ActiveCfg = Debug|Any CPU
		{1CD06BC5-8565-4A22-B948-4C19A2CC2DDB}.Debug|Any CPU.Build.0 = Debug|Any CPU
		{1CD06BC5-8565-4A22-B948-4C19A2CC2DDB}.Release|Any CPU.ActiveCfg = Release|Any CPU
		{1CD06BC5-8565-4A22-B948-4C19A2CC2DDB}.Release|Any CPU.Build.0 = Release|Any CPU
	EndGlobalSection
	GlobalSection(SolutionProperties) = preSolution
		HideSolutionNode = FALSE
	EndGlobalSection
	GlobalSection(ExtensibilityGlobals) = postSolution
		SolutionGuid = {FF5DC5B4-B4F3-48E9-8224-F190E4F7B51F}
	EndGlobalSection
EndGlobal
